
Microsoft Visual Studio Solution File, Format Version 12.00
Project("{FAE04EC0-301F-11D3-BF4B-00C04F79EFBC}") = "Pool.Api", "Pool.Api\Pool.Api.csproj", "{1B1FF742-4AE4-419D-A258-F4BA24EF54B0}"
EndProject
Project("{FAE04EC0-301F-11D3-BF4B-00C04F79EFBC}") = "Pool.CQRS", "Pool.CQRS\Pool.CQRS.csproj", "{DAB69FE1-01B3-4859-920B-157EAF192DBE}"
EndProject
Project("{FAE04EC0-301F-11D3-BF4B-00C04F79EFBC}") = "Pool.DevicesControllers.Abstractions", "Pool.DevicesControllers.Abstractions\Pool.DevicesControllers.Abstractions.csproj", "{5E11F8A6-BCCA-43F9-AE1B-98F4757E2949}"
EndProject
Project("{FAE04EC0-301F-11D3-BF4B-00C04F79EFBC}") = "Pool.DevicesController.Crystal", "Pool.DevicesController.Crystal\Pool.DevicesController.Crystal.csproj", "{581C9D5B-386D-46E4-AE1F-CEBF9DEB3CE5}"
EndProject
Project("{2150E333-8FDC-42A3-9474-1A3956D46DE8}") = "Core", "Core", "{5C29E592-5F98-4DD3-8296-1F62D76FA23B}"
EndProject
Project("{2150E333-8FDC-42A3-9474-1A3956D46DE8}") = "Infrastructure", "Infrastructure", "{622E4865-D4B1-45BD-BA7B-153742304116}"
EndProject
Project("{FAE04EC0-301F-11D3-BF4B-00C04F79EFBC}") = "Pool.Domain", "Pool.Domain\Pool.Domain.csproj", "{8795FB59-5304-4CF9-BB78-2FD254A39A17}"
EndProject
Project("{FAE04EC0-301F-11D3-BF4B-00C04F79EFBC}") = "Pool.DAL", "Pool.DAL\Pool.DAL.csproj", "{823F53B0-9390-42F1-80D5-ADAFDB67A0AA}"
EndProject
Project("{FAE04EC0-301F-11D3-BF4B-00C04F79EFBC}") = "Pool.DevicesController.Navigator", "Pool.DevicesController.Navigator\Pool.DevicesController.Navigator.csproj", "{126F0C52-8AB7-4533-843F-821699C9BE59}"
EndProject
Project("{FAE04EC0-301F-11D3-BF4B-00C04F79EFBC}") = "Pool.DevicesControllers", "Pool.DevicesControllers\Pool.DevicesControllers.csproj", "{22F38CAC-543D-4E34-83C3-39C12BD11462}"
EndProject
Project("{FAE04EC0-301F-11D3-BF4B-00C04F79EFBC}") = "Pool.DevicesController.Fake", "Pool.DevicesController.Fake\Pool.DevicesController.Fake.csproj", "{349EDF71-DFDF-4442-BC0A-0B954332AAFE}"
EndProject
Project("{FAE04EC0-301F-11D3-BF4B-00C04F79EFBC}") = "Pool.WebUI", "Pool.WebUI\Pool.WebUI.csproj", "{2F897A1D-E798-42ED-BA9B-0A914465F1ED}"
EndProject
Global
	GlobalSection(SolutionConfigurationPlatforms) = preSolution
		Debug|Any CPU = Debug|Any CPU
		Release|Any CPU = Release|Any CPU
	EndGlobalSection
	GlobalSection(ProjectConfigurationPlatforms) = postSolution
		{1B1FF742-4AE4-419D-A258-F4BA24EF54B0}.Debug|Any CPU.ActiveCfg = Debug|Any CPU
		{1B1FF742-4AE4-419D-A258-F4BA24EF54B0}.Debug|Any CPU.Build.0 = Debug|Any CPU
		{1B1FF742-4AE4-419D-A258-F4BA24EF54B0}.Release|Any CPU.ActiveCfg = Release|Any CPU
		{1B1FF742-4AE4-419D-A258-F4BA24EF54B0}.Release|Any CPU.Build.0 = Release|Any CPU
		{DAB69FE1-01B3-4859-920B-157EAF192DBE}.Debug|Any CPU.ActiveCfg = Debug|Any CPU
		{DAB69FE1-01B3-4859-920B-157EAF192DBE}.Debug|Any CPU.Build.0 = Debug|Any CPU
		{DAB69FE1-01B3-4859-920B-157EAF192DBE}.Release|Any CPU.ActiveCfg = Release|Any CPU
		{DAB69FE1-01B3-4859-920B-157EAF192DBE}.Release|Any CPU.Build.0 = Release|Any CPU
		{5E11F8A6-BCCA-43F9-AE1B-98F4757E2949}.Debug|Any CPU.ActiveCfg = Debug|Any CPU
		{5E11F8A6-BCCA-43F9-AE1B-98F4757E2949}.Debug|Any CPU.Build.0 = Debug|Any CPU
		{5E11F8A6-BCCA-43F9-AE1B-98F4757E2949}.Release|Any CPU.ActiveCfg = Release|Any CPU
		{5E11F8A6-BCCA-43F9-AE1B-98F4757E2949}.Release|Any CPU.Build.0 = Release|Any CPU
		{581C9D5B-386D-46E4-AE1F-CEBF9DEB3CE5}.Debug|Any CPU.ActiveCfg = Debug|Any CPU
		{581C9D5B-386D-46E4-AE1F-CEBF9DEB3CE5}.Debug|Any CPU.Build.0 = Debug|Any CPU
		{581C9D5B-386D-46E4-AE1F-CEBF9DEB3CE5}.Release|Any CPU.ActiveCfg = Release|Any CPU
		{581C9D5B-386D-46E4-AE1F-CEBF9DEB3CE5}.Release|Any CPU.Build.0 = Release|Any CPU
		{8795FB59-5304-4CF9-BB78-2FD254A39A17}.Debug|Any CPU.ActiveCfg = Debug|Any CPU
		{8795FB59-5304-4CF9-BB78-2FD254A39A17}.Debug|Any CPU.Build.0 = Debug|Any CPU
		{8795FB59-5304-4CF9-BB78-2FD254A39A17}.Release|Any CPU.ActiveCfg = Release|Any CPU
		{8795FB59-5304-4CF9-BB78-2FD254A39A17}.Release|Any CPU.Build.0 = Release|Any CPU
		{823F53B0-9390-42F1-80D5-ADAFDB67A0AA}.Debug|Any CPU.ActiveCfg = Debug|Any CPU
		{823F53B0-9390-42F1-80D5-ADAFDB67A0AA}.Debug|Any CPU.Build.0 = Debug|Any CPU
		{823F53B0-9390-42F1-80D5-ADAFDB67A0AA}.Release|Any CPU.ActiveCfg = Release|Any CPU
		{823F53B0-9390-42F1-80D5-ADAFDB67A0AA}.Release|Any CPU.Build.0 = Release|Any CPU
		{126F0C52-8AB7-4533-843F-821699C9BE59}.Debug|Any CPU.ActiveCfg = Debug|Any CPU
		{126F0C52-8AB7-4533-843F-821699C9BE59}.Debug|Any CPU.Build.0 = Debug|Any CPU
		{126F0C52-8AB7-4533-843F-821699C9BE59}.Release|Any CPU.ActiveCfg = Release|Any CPU
		{126F0C52-8AB7-4533-843F-821699C9BE59}.Release|Any CPU.Build.0 = Release|Any CPU
		{22F38CAC-543D-4E34-83C3-39C12BD11462}.Debug|Any CPU.ActiveCfg = Debug|Any CPU
		{22F38CAC-543D-4E34-83C3-39C12BD11462}.Debug|Any CPU.Build.0 = Debug|Any CPU
		{22F38CAC-543D-4E34-83C3-39C12BD11462}.Release|Any CPU.ActiveCfg = Release|Any CPU
		{22F38CAC-543D-4E34-83C3-39C12BD11462}.Release|Any CPU.Build.0 = Release|Any CPU
		{349EDF71-DFDF-4442-BC0A-0B954332AAFE}.Debug|Any CPU.ActiveCfg = Debug|Any CPU
		{349EDF71-DFDF-4442-BC0A-0B954332AAFE}.Debug|Any CPU.Build.0 = Debug|Any CPU
		{349EDF71-DFDF-4442-BC0A-0B954332AAFE}.Release|Any CPU.ActiveCfg = Release|Any CPU
		{349EDF71-DFDF-4442-BC0A-0B954332AAFE}.Release|Any CPU.Build.0 = Release|Any CPU
		{2F897A1D-E798-42ED-BA9B-0A914465F1ED}.Debug|Any CPU.ActiveCfg = Debug|Any CPU
		{2F897A1D-E798-42ED-BA9B-0A914465F1ED}.Debug|Any CPU.Build.0 = Debug|Any CPU
		{2F897A1D-E798-42ED-BA9B-0A914465F1ED}.Release|Any CPU.ActiveCfg = Release|Any CPU
		{2F897A1D-E798-42ED-BA9B-0A914465F1ED}.Release|Any CPU.Build.0 = Release|Any CPU
	EndGlobalSection
	GlobalSection(NestedProjects) = preSolution
		{581C9D5B-386D-46E4-AE1F-CEBF9DEB3CE5} = {622E4865-D4B1-45BD-BA7B-153742304116}
		{DAB69FE1-01B3-4859-920B-157EAF192DBE} = {622E4865-D4B1-45BD-BA7B-153742304116}
		{8795FB59-5304-4CF9-BB78-2FD254A39A17} = {5C29E592-5F98-4DD3-8296-1F62D76FA23B}
		{823F53B0-9390-42F1-80D5-ADAFDB67A0AA} = {622E4865-D4B1-45BD-BA7B-153742304116}
		{126F0C52-8AB7-4533-843F-821699C9BE59} = {622E4865-D4B1-45BD-BA7B-153742304116}
		{22F38CAC-543D-4E34-83C3-39C12BD11462} = {622E4865-D4B1-45BD-BA7B-153742304116}
		{349EDF71-DFDF-4442-BC0A-0B954332AAFE} = {622E4865-D4B1-45BD-BA7B-153742304116}
		{5E11F8A6-BCCA-43F9-AE1B-98F4757E2949} = {5C29E592-5F98-4DD3-8296-1F62D76FA23B}
	EndGlobalSection
EndGlobal
