
Microsoft Visual Studio Solution File, Format Version 12.00
Project("{FAE04EC0-301F-11D3-BF4B-00C04F79EFBC}") = "Pool.Api.Hosting", "Pool.Api.Hosting\Pool.Api.Hosting.csproj", "{1B1FF742-4AE4-419D-A258-F4BA24EF54B0}"
EndProject
Project("{FAE04EC0-301F-11D3-BF4B-00C04F79EFBC}") = "Pool.WebUI", "Pool.WebUI\Pool.WebUI.csproj", "{2F897A1D-E798-42ED-BA9B-0A914465F1ED}"
EndProject
Project("{2150E333-8FDC-42A3-9474-1A3956D46DE8}") = "1 Entities", "1 Entities", "{7C7ED476-E119-4541-877F-134491244A60}"
EndProject
Project("{2150E333-8FDC-42A3-9474-1A3956D46DE8}") = "2 UseCases", "2 UseCases", "{E8704103-B610-4864-A86C-00EC80B16ADC}"
EndProject
Project("{2150E333-8FDC-42A3-9474-1A3956D46DE8}") = "4 Frameworks", "4 Frameworks", "{F82C65E8-EEA8-435E-B34C-0656E3D2678C}"
EndProject
Project("{FAE04EC0-301F-11D3-BF4B-00C04F79EFBC}") = "Pool.Entities", "Pool.Entities\Pool.Entities.csproj", "{EE41A6E5-ACCB-4CFB-9C9B-C145F4BF9582}"
EndProject
Project("{FAE04EC0-301F-11D3-BF4B-00C04F79EFBC}") = "Pool.Infrastructure.Interfaces", "Pool.Infrastructure.Interfaces\Pool.Infrastructure.Interfaces.csproj", "{92DE7798-5A30-4171-8FC7-F4B2F7B9832A}"
EndProject
Project("{FAE04EC0-301F-11D3-BF4B-00C04F79EFBC}") = "Pool.UseCases", "Pool.UseCases\Pool.UseCases.csproj", "{DEF82CCA-6935-47F1-88AE-992C2B9ADC5F}"
EndProject
Project("{FAE04EC0-301F-11D3-BF4B-00C04F79EFBC}") = "Pool.DataAccess.EF.Sqlite", "Pool.DataAccess.EF.Sqlite\Pool.DataAccess.EF.Sqlite.csproj", "{D610AF98-3D2C-4849-994F-DA0CCFDF5AE5}"
EndProject
Project("{FAE04EC0-301F-11D3-BF4B-00C04F79EFBC}") = "Pool.Infrastructure.DevicesControllers.Crystal", "Pool.Infrastructure.DevicesControllers.Crystal\Pool.Infrastructure.DevicesControllers.Crystal.csproj", "{5345C467-82CE-4F8C-A9F9-BCA05E709AF6}"
EndProject
Project("{FAE04EC0-301F-11D3-BF4B-00C04F79EFBC}") = "Pool.Infrastructure.DevicesControllers.Navigator", "Pool.Infrastructure.DevicesControllers.Navigator\Pool.Infrastructure.DevicesControllers.Navigator.csproj", "{6850D923-0BE1-44C3-8620-B1904A522F08}"
EndProject
Project("{FAE04EC0-301F-11D3-BF4B-00C04F79EFBC}") = "Pool.Infrastructure.DevicesControllers.Fake", "Pool.Infrastructure.DevicesControllers.Fake\Pool.Infrastructure.DevicesControllers.Fake.csproj", "{CBE6AA4C-906A-4BFC-9F3C-0A43B852FCEF}"
EndProject
Project("{FAE04EC0-301F-11D3-BF4B-00C04F79EFBC}") = "Pool.Infrastructure.Implementation", "Pool.Infrastructure.Implementation\Pool.Infrastructure.Implementation.csproj", "{BEFB5867-B5F2-4382-AFBA-1F60C93D73B9}"
EndProject
Project("{2150E333-8FDC-42A3-9474-1A3956D46DE8}") = "5 Tests", "5 Tests", "{5B2B73ED-3190-4372-BABA-23AC1440A41A}"
EndProject
Project("{FAE04EC0-301F-11D3-BF4B-00C04F79EFBC}") = "Pool.Tests", "Pool.Tests\Pool.Tests.csproj", "{CD79F62F-6A28-4A06-B07C-CEC5FBDBC818}"
EndProject
Project("{FAE04EC0-301F-11D3-BF4B-00C04F79EFBC}") = "Pool.Controllers", "Pool.Controllers\Pool.Controllers.csproj", "{BE2FB325-B5FB-499B-955E-03C931B3DB4F}"
EndProject
Project("{2150E333-8FDC-42A3-9474-1A3956D46DE8}") = "3 Controllers", "3 Controllers", "{E9E2BC32-4057-4982-B3D1-A64A540051D6}"
EndProject
Project("{FAE04EC0-301F-11D3-BF4B-00C04F79EFBC}") = "Pool.UseCases.Tests.Unit", "Pool.UseCases.Tests.Unit\Pool.UseCases.Tests.Unit.csproj", "{60968E7D-3B3C-4435-B58E-6B141C9E8D02}"
EndProject
Project("{2150E333-8FDC-42A3-9474-1A3956D46DE8}") = "0 Utils", "0 Utils", "{1AC06AFD-1DF9-4190-AC39-B441AC95737A}"
EndProject
Project("{FAE04EC0-301F-11D3-BF4B-00C04F79EFBC}") = "Pool.Utils", "Pool.Utils\Pool.Utils.csproj", "{2A2D9A61-30B7-4C83-8B60-FAE19E855244}"
EndProject
Project("{FAE04EC0-301F-11D3-BF4B-00C04F79EFBC}") = "Pool.Utils.Tests", "Pool.Utils.Tests\Pool.Utils.Tests.csproj", "{D8814F56-5D8F-4215-9742-B8977B0EC7CE}"
EndProject
Global
	GlobalSection(SolutionConfigurationPlatforms) = preSolution
		Debug|Any CPU = Debug|Any CPU
		Release|Any CPU = Release|Any CPU
	EndGlobalSection
	GlobalSection(ProjectConfigurationPlatforms) = postSolution
		{1B1FF742-4AE4-419D-A258-F4BA24EF54B0}.Debug|Any CPU.ActiveCfg = Debug|Any CPU
		{1B1FF742-4AE4-419D-A258-F4BA24EF54B0}.Debug|Any CPU.Build.0 = Debug|Any CPU
		{1B1FF742-4AE4-419D-A258-F4BA24EF54B0}.Release|Any CPU.ActiveCfg = Release|Any CPU
		{1B1FF742-4AE4-419D-A258-F4BA24EF54B0}.Release|Any CPU.Build.0 = Release|Any CPU
		{2F897A1D-E798-42ED-BA9B-0A914465F1ED}.Debug|Any CPU.ActiveCfg = Debug|Any CPU
		{2F897A1D-E798-42ED-BA9B-0A914465F1ED}.Debug|Any CPU.Build.0 = Debug|Any CPU
		{2F897A1D-E798-42ED-BA9B-0A914465F1ED}.Release|Any CPU.ActiveCfg = Release|Any CPU
		{2F897A1D-E798-42ED-BA9B-0A914465F1ED}.Release|Any CPU.Build.0 = Release|Any CPU
		{EE41A6E5-ACCB-4CFB-9C9B-C145F4BF9582}.Debug|Any CPU.ActiveCfg = Debug|Any CPU
		{EE41A6E5-ACCB-4CFB-9C9B-C145F4BF9582}.Debug|Any CPU.Build.0 = Debug|Any CPU
		{EE41A6E5-ACCB-4CFB-9C9B-C145F4BF9582}.Release|Any CPU.ActiveCfg = Release|Any CPU
		{EE41A6E5-ACCB-4CFB-9C9B-C145F4BF9582}.Release|Any CPU.Build.0 = Release|Any CPU
		{92DE7798-5A30-4171-8FC7-F4B2F7B9832A}.Debug|Any CPU.ActiveCfg = Debug|Any CPU
		{92DE7798-5A30-4171-8FC7-F4B2F7B9832A}.Debug|Any CPU.Build.0 = Debug|Any CPU
		{92DE7798-5A30-4171-8FC7-F4B2F7B9832A}.Release|Any CPU.ActiveCfg = Release|Any CPU
		{92DE7798-5A30-4171-8FC7-F4B2F7B9832A}.Release|Any CPU.Build.0 = Release|Any CPU
		{DEF82CCA-6935-47F1-88AE-992C2B9ADC5F}.Debug|Any CPU.ActiveCfg = Debug|Any CPU
		{DEF82CCA-6935-47F1-88AE-992C2B9ADC5F}.Debug|Any CPU.Build.0 = Debug|Any CPU
		{DEF82CCA-6935-47F1-88AE-992C2B9ADC5F}.Release|Any CPU.ActiveCfg = Release|Any CPU
		{DEF82CCA-6935-47F1-88AE-992C2B9ADC5F}.Release|Any CPU.Build.0 = Release|Any CPU
		{D610AF98-3D2C-4849-994F-DA0CCFDF5AE5}.Debug|Any CPU.ActiveCfg = Debug|Any CPU
		{D610AF98-3D2C-4849-994F-DA0CCFDF5AE5}.Debug|Any CPU.Build.0 = Debug|Any CPU
		{D610AF98-3D2C-4849-994F-DA0CCFDF5AE5}.Release|Any CPU.ActiveCfg = Release|Any CPU
		{D610AF98-3D2C-4849-994F-DA0CCFDF5AE5}.Release|Any CPU.Build.0 = Release|Any CPU
		{5345C467-82CE-4F8C-A9F9-BCA05E709AF6}.Debug|Any CPU.ActiveCfg = Debug|Any CPU
		{5345C467-82CE-4F8C-A9F9-BCA05E709AF6}.Debug|Any CPU.Build.0 = Debug|Any CPU
		{5345C467-82CE-4F8C-A9F9-BCA05E709AF6}.Release|Any CPU.ActiveCfg = Release|Any CPU
		{5345C467-82CE-4F8C-A9F9-BCA05E709AF6}.Release|Any CPU.Build.0 = Release|Any CPU
		{6850D923-0BE1-44C3-8620-B1904A522F08}.Debug|Any CPU.ActiveCfg = Debug|Any CPU
		{6850D923-0BE1-44C3-8620-B1904A522F08}.Debug|Any CPU.Build.0 = Debug|Any CPU
		{6850D923-0BE1-44C3-8620-B1904A522F08}.Release|Any CPU.ActiveCfg = Release|Any CPU
		{6850D923-0BE1-44C3-8620-B1904A522F08}.Release|Any CPU.Build.0 = Release|Any CPU
		{CBE6AA4C-906A-4BFC-9F3C-0A43B852FCEF}.Debug|Any CPU.ActiveCfg = Debug|Any CPU
		{CBE6AA4C-906A-4BFC-9F3C-0A43B852FCEF}.Debug|Any CPU.Build.0 = Debug|Any CPU
		{CBE6AA4C-906A-4BFC-9F3C-0A43B852FCEF}.Release|Any CPU.ActiveCfg = Release|Any CPU
		{CBE6AA4C-906A-4BFC-9F3C-0A43B852FCEF}.Release|Any CPU.Build.0 = Release|Any CPU
		{BEFB5867-B5F2-4382-AFBA-1F60C93D73B9}.Debug|Any CPU.ActiveCfg = Debug|Any CPU
		{BEFB5867-B5F2-4382-AFBA-1F60C93D73B9}.Debug|Any CPU.Build.0 = Debug|Any CPU
		{BEFB5867-B5F2-4382-AFBA-1F60C93D73B9}.Release|Any CPU.ActiveCfg = Release|Any CPU
		{BEFB5867-B5F2-4382-AFBA-1F60C93D73B9}.Release|Any CPU.Build.0 = Release|Any CPU
		{CD79F62F-6A28-4A06-B07C-CEC5FBDBC818}.Debug|Any CPU.ActiveCfg = Debug|Any CPU
		{CD79F62F-6A28-4A06-B07C-CEC5FBDBC818}.Debug|Any CPU.Build.0 = Debug|Any CPU
		{CD79F62F-6A28-4A06-B07C-CEC5FBDBC818}.Release|Any CPU.ActiveCfg = Release|Any CPU
		{CD79F62F-6A28-4A06-B07C-CEC5FBDBC818}.Release|Any CPU.Build.0 = Release|Any CPU
		{BE2FB325-B5FB-499B-955E-03C931B3DB4F}.Debug|Any CPU.ActiveCfg = Debug|Any CPU
		{BE2FB325-B5FB-499B-955E-03C931B3DB4F}.Debug|Any CPU.Build.0 = Debug|Any CPU
		{BE2FB325-B5FB-499B-955E-03C931B3DB4F}.Release|Any CPU.ActiveCfg = Release|Any CPU
		{BE2FB325-B5FB-499B-955E-03C931B3DB4F}.Release|Any CPU.Build.0 = Release|Any CPU
		{60968E7D-3B3C-4435-B58E-6B141C9E8D02}.Debug|Any CPU.ActiveCfg = Debug|Any CPU
		{60968E7D-3B3C-4435-B58E-6B141C9E8D02}.Debug|Any CPU.Build.0 = Debug|Any CPU
		{60968E7D-3B3C-4435-B58E-6B141C9E8D02}.Release|Any CPU.ActiveCfg = Release|Any CPU
		{60968E7D-3B3C-4435-B58E-6B141C9E8D02}.Release|Any CPU.Build.0 = Release|Any CPU
		{2A2D9A61-30B7-4C83-8B60-FAE19E855244}.Debug|Any CPU.ActiveCfg = Debug|Any CPU
		{2A2D9A61-30B7-4C83-8B60-FAE19E855244}.Debug|Any CPU.Build.0 = Debug|Any CPU
		{2A2D9A61-30B7-4C83-8B60-FAE19E855244}.Release|Any CPU.ActiveCfg = Release|Any CPU
		{2A2D9A61-30B7-4C83-8B60-FAE19E855244}.Release|Any CPU.Build.0 = Release|Any CPU
		{D8814F56-5D8F-4215-9742-B8977B0EC7CE}.Debug|Any CPU.ActiveCfg = Debug|Any CPU
		{D8814F56-5D8F-4215-9742-B8977B0EC7CE}.Debug|Any CPU.Build.0 = Debug|Any CPU
		{D8814F56-5D8F-4215-9742-B8977B0EC7CE}.Release|Any CPU.ActiveCfg = Release|Any CPU
		{D8814F56-5D8F-4215-9742-B8977B0EC7CE}.Release|Any CPU.Build.0 = Release|Any CPU
	EndGlobalSection
	GlobalSection(NestedProjects) = preSolution
		{92DE7798-5A30-4171-8FC7-F4B2F7B9832A} = {E8704103-B610-4864-A86C-00EC80B16ADC}
		{DEF82CCA-6935-47F1-88AE-992C2B9ADC5F} = {E8704103-B610-4864-A86C-00EC80B16ADC}
		{D610AF98-3D2C-4849-994F-DA0CCFDF5AE5} = {F82C65E8-EEA8-435E-B34C-0656E3D2678C}
		{5345C467-82CE-4F8C-A9F9-BCA05E709AF6} = {F82C65E8-EEA8-435E-B34C-0656E3D2678C}
		{6850D923-0BE1-44C3-8620-B1904A522F08} = {F82C65E8-EEA8-435E-B34C-0656E3D2678C}
		{CBE6AA4C-906A-4BFC-9F3C-0A43B852FCEF} = {F82C65E8-EEA8-435E-B34C-0656E3D2678C}
		{1B1FF742-4AE4-419D-A258-F4BA24EF54B0} = {F82C65E8-EEA8-435E-B34C-0656E3D2678C}
		{BEFB5867-B5F2-4382-AFBA-1F60C93D73B9} = {F82C65E8-EEA8-435E-B34C-0656E3D2678C}
		{2F897A1D-E798-42ED-BA9B-0A914465F1ED} = {F82C65E8-EEA8-435E-B34C-0656E3D2678C}
		{EE41A6E5-ACCB-4CFB-9C9B-C145F4BF9582} = {7C7ED476-E119-4541-877F-134491244A60}
		{CD79F62F-6A28-4A06-B07C-CEC5FBDBC818} = {5B2B73ED-3190-4372-BABA-23AC1440A41A}
		{BE2FB325-B5FB-499B-955E-03C931B3DB4F} = {E9E2BC32-4057-4982-B3D1-A64A540051D6}
		{60968E7D-3B3C-4435-B58E-6B141C9E8D02} = {5B2B73ED-3190-4372-BABA-23AC1440A41A}
		{2A2D9A61-30B7-4C83-8B60-FAE19E855244} = {1AC06AFD-1DF9-4190-AC39-B441AC95737A}
		{D8814F56-5D8F-4215-9742-B8977B0EC7CE} = {5B2B73ED-3190-4372-BABA-23AC1440A41A}
	EndGlobalSection
EndGlobal
